
Microsoft Visual Studio Solution File, Format Version 12.00
# Visual Studio 15
VisualStudioVersion = 15.0.34320.172
MinimumVisualStudioVersion = 10.0.40219.1
Project("{FAE04EC0-301F-11D3-BF4B-00C04F79EFBC}") = "SaleManagementSystem", "SaleManagementSystem\SaleManagementSystem.csproj", "{C3C3A8B9-7128-4A75-B64D-584ED25EB015}"
EndProject
Project("{FAE04EC0-301F-11D3-BF4B-00C04F79EFBC}") = "Data", "Data\Data.csproj", "{6E4DD366-D6A8-4A3B-A591-53B2336CC700}"
EndProject
Project("{FAE04EC0-301F-11D3-BF4B-00C04F79EFBC}") = "Integrator.API", "Integrator.API\Integrator.API.csproj", "{039D91F0-2929-40FD-B291-9E233183020C}"
EndProject
Project("{FAE04EC0-301F-11D3-BF4B-00C04F79EFBC}") = "Auth.API", "Auth.API\Auth.API.csproj", "{AB12C6CF-DF9D-4A34-A1F2-C4B72ABB2799}"
EndProject
Global
	GlobalSection(SolutionConfigurationPlatforms) = preSolution
		Debug|Any CPU = Debug|Any CPU
		Release|Any CPU = Release|Any CPU
	EndGlobalSection
	GlobalSection(ProjectConfigurationPlatforms) = postSolution
		{C3C3A8B9-7128-4A75-B64D-584ED25EB015}.Debug|Any CPU.ActiveCfg = Debug|Any CPU
		{C3C3A8B9-7128-4A75-B64D-584ED25EB015}.Debug|Any CPU.Build.0 = Debug|Any CPU
		{C3C3A8B9-7128-4A75-B64D-584ED25EB015}.Release|Any CPU.ActiveCfg = Release|Any CPU
		{C3C3A8B9-7128-4A75-B64D-584ED25EB015}.Release|Any CPU.Build.0 = Release|Any CPU
		{6E4DD366-D6A8-4A3B-A591-53B2336CC700}.Debug|Any CPU.ActiveCfg = Debug|Any CPU
		{6E4DD366-D6A8-4A3B-A591-53B2336CC700}.Debug|Any CPU.Build.0 = Debug|Any CPU
		{6E4DD366-D6A8-4A3B-A591-53B2336CC700}.Release|Any CPU.ActiveCfg = Release|Any CPU
		{6E4DD366-D6A8-4A3B-A591-53B2336CC700}.Release|Any CPU.Build.0 = Release|Any CPU
		{039D91F0-2929-40FD-B291-9E233183020C}.Debug|Any CPU.ActiveCfg = Debug|Any CPU
		{039D91F0-2929-40FD-B291-9E233183020C}.Debug|Any CPU.Build.0 = Debug|Any CPU
		{039D91F0-2929-40FD-B291-9E233183020C}.Release|Any CPU.ActiveCfg = Release|Any CPU
		{039D91F0-2929-40FD-B291-9E233183020C}.Release|Any CPU.Build.0 = Release|Any CPU
		{AB12C6CF-DF9D-4A34-A1F2-C4B72ABB2799}.Debug|Any CPU.ActiveCfg = Debug|Any CPU
		{AB12C6CF-DF9D-4A34-A1F2-C4B72ABB2799}.Debug|Any CPU.Build.0 = Debug|Any CPU
		{AB12C6CF-DF9D-4A34-A1F2-C4B72ABB2799}.Release|Any CPU.ActiveCfg = Release|Any CPU
		{AB12C6CF-DF9D-4A34-A1F2-C4B72ABB2799}.Release|Any CPU.Build.0 = Release|Any CPU
	EndGlobalSection
	GlobalSection(SolutionProperties) = preSolution
		HideSolutionNode = FALSE
	EndGlobalSection
	GlobalSection(ExtensibilityGlobals) = postSolution
		SolutionGuid = {EFF06DC2-3124-4388-B2CD-6B52EC861650}
	EndGlobalSection
EndGlobal
